
Microsoft Visual Studio Solution File, Format Version 12.00
# Visual Studio Version 17
VisualStudioVersion = 17.0.32112.339
MinimumVisualStudioVersion = 10.0.40219.1
Project("{9A19103F-16F7-4668-BE54-9A1E7A4F7556}") = "LeetCode", "LeetCode\LeetCode.csproj", "{151E9823-A766-455A-85AA-EEDF9D6615ED}"
EndProject
Project("{9A19103F-16F7-4668-BE54-9A1E7A4F7556}") = "LeetCode.Tests", "LeetCode.Tests\LeetCode.Tests.csproj", "{17B0DC6C-E8E4-413F-BDAD-1CE242CB57C8}"
EndProject
Project("{FAE04EC0-301F-11D3-BF4B-00C04F79EFBC}") = "Other", "Other\Other.csproj", "{CC16B0C4-510C-4ACE-BA53-CBD49A2F349C}"
EndProject
Project("{FAE04EC0-301F-11D3-BF4B-00C04F79EFBC}") = "Other.Tests", "Other.Tests\Other.Tests.csproj", "{DB0AE045-D64C-4952-BE01-8459A7D6C60F}"
EndProject
Global
	GlobalSection(SolutionConfigurationPlatforms) = preSolution
		Debug|Any CPU = Debug|Any CPU
		Release|Any CPU = Release|Any CPU
	EndGlobalSection
	GlobalSection(ProjectConfigurationPlatforms) = postSolution
		{151E9823-A766-455A-85AA-EEDF9D6615ED}.Debug|Any CPU.ActiveCfg = Debug|Any CPU
		{151E9823-A766-455A-85AA-EEDF9D6615ED}.Debug|Any CPU.Build.0 = Debug|Any CPU
		{151E9823-A766-455A-85AA-EEDF9D6615ED}.Release|Any CPU.ActiveCfg = Release|Any CPU
		{151E9823-A766-455A-85AA-EEDF9D6615ED}.Release|Any CPU.Build.0 = Release|Any CPU
		{17B0DC6C-E8E4-413F-BDAD-1CE242CB57C8}.Debug|Any CPU.ActiveCfg = Debug|Any CPU
		{17B0DC6C-E8E4-413F-BDAD-1CE242CB57C8}.Debug|Any CPU.Build.0 = Debug|Any CPU
		{17B0DC6C-E8E4-413F-BDAD-1CE242CB57C8}.Release|Any CPU.ActiveCfg = Release|Any CPU
		{17B0DC6C-E8E4-413F-BDAD-1CE242CB57C8}.Release|Any CPU.Build.0 = Release|Any CPU
		{CC16B0C4-510C-4ACE-BA53-CBD49A2F349C}.Debug|Any CPU.ActiveCfg = Debug|Any CPU
		{CC16B0C4-510C-4ACE-BA53-CBD49A2F349C}.Debug|Any CPU.Build.0 = Debug|Any CPU
		{CC16B0C4-510C-4ACE-BA53-CBD49A2F349C}.Release|Any CPU.ActiveCfg = Release|Any CPU
		{CC16B0C4-510C-4ACE-BA53-CBD49A2F349C}.Release|Any CPU.Build.0 = Release|Any CPU
		{DB0AE045-D64C-4952-BE01-8459A7D6C60F}.Debug|Any CPU.ActiveCfg = Debug|Any CPU
		{DB0AE045-D64C-4952-BE01-8459A7D6C60F}.Debug|Any CPU.Build.0 = Debug|Any CPU
		{DB0AE045-D64C-4952-BE01-8459A7D6C60F}.Release|Any CPU.ActiveCfg = Release|Any CPU
		{DB0AE045-D64C-4952-BE01-8459A7D6C60F}.Release|Any CPU.Build.0 = Release|Any CPU
	EndGlobalSection
	GlobalSection(SolutionProperties) = preSolution
		HideSolutionNode = FALSE
	EndGlobalSection
	GlobalSection(ExtensibilityGlobals) = postSolution
		SolutionGuid = {C9C4E302-6DFA-40BA-B491-A26B26A8CA90}
	EndGlobalSection
EndGlobal
